
Microsoft Visual Studio Solution File, Format Version 12.00
# Visual Studio 2012
Project("{FAE04EC0-301F-11D3-BF4B-00C04F79EFBC}") = "a-cs", "a-cs\a-cs.csproj", "{EF264E85-94EE-42EA-BB49-2C959CCE566E}"
EndProject
Project("{9344BDBB-3E7F-41FC-A0DD-8665D75EE146}") = "a-tests", "a-tests\a-tests.mdproj", "{711541B8-58A4-4E7E-9D2F-831FE832A081}"
EndProject
Project("{FAE04EC0-301F-11D3-BF4B-00C04F79EFBC}") = "b-cs", "b-cs\b-cs.csproj", "{8216B5FA-5BA4-4C14-9162-1DAFC8BE025A}"
EndProject
Project("{9344BDBB-3E7F-41FC-A0DD-8665D75EE146}") = "b-tests", "b-tests\b-tests.mdproj", "{B0825E67-1E01-402C-B031-DFB81BA366C7}"
EndProject
Project("{FAE04EC0-301F-11D3-BF4B-00C04F79EFBC}") = "c-cs", "c-cs\c-cs.csproj", "{50A2E2D8-62A1-423F-9183-88BBEFC79D62}"
EndProject
Project("{9344BDBB-3E7F-41FC-A0DD-8665D75EE146}") = "c-tests", "c-tests\c-tests.mdproj", "{91076250-94BE-499A-BD85-5BE4B056369A}"
EndProject
Global
	GlobalSection(SolutionConfigurationPlatforms) = preSolution
		Debug|x86 = Debug|x86
		Release|x86 = Release|x86
		Default|Any CPU = Default|Any CPU
	EndGlobalSection
	GlobalSection(ProjectConfigurationPlatforms) = postSolution
		{50A2E2D8-62A1-423F-9183-88BBEFC79D62}.Debug|x86.ActiveCfg = Debug|x86
		{50A2E2D8-62A1-423F-9183-88BBEFC79D62}.Debug|x86.Build.0 = Debug|x86
		{50A2E2D8-62A1-423F-9183-88BBEFC79D62}.Default|Any CPU.ActiveCfg = Debug|x86
		{50A2E2D8-62A1-423F-9183-88BBEFC79D62}.Default|Any CPU.Build.0 = Debug|x86
		{50A2E2D8-62A1-423F-9183-88BBEFC79D62}.Release|x86.ActiveCfg = Release|x86
		{50A2E2D8-62A1-423F-9183-88BBEFC79D62}.Release|x86.Build.0 = Release|x86
		{711541B8-58A4-4E7E-9D2F-831FE832A081}.Debug|x86.ActiveCfg = Default|Any CPU
		{711541B8-58A4-4E7E-9D2F-831FE832A081}.Debug|x86.Build.0 = Default|Any CPU
		{711541B8-58A4-4E7E-9D2F-831FE832A081}.Default|Any CPU.ActiveCfg = Default|Any CPU
		{711541B8-58A4-4E7E-9D2F-831FE832A081}.Default|Any CPU.Build.0 = Default|Any CPU
		{711541B8-58A4-4E7E-9D2F-831FE832A081}.Release|x86.ActiveCfg = Default|Any CPU
		{711541B8-58A4-4E7E-9D2F-831FE832A081}.Release|x86.Build.0 = Default|Any CPU
		{8216B5FA-5BA4-4C14-9162-1DAFC8BE025A}.Debug|x86.ActiveCfg = Debug|x86
		{8216B5FA-5BA4-4C14-9162-1DAFC8BE025A}.Debug|x86.Build.0 = Debug|x86
		{8216B5FA-5BA4-4C14-9162-1DAFC8BE025A}.Default|Any CPU.ActiveCfg = Debug|x86
		{8216B5FA-5BA4-4C14-9162-1DAFC8BE025A}.Default|Any CPU.Build.0 = Debug|x86
		{8216B5FA-5BA4-4C14-9162-1DAFC8BE025A}.Release|x86.ActiveCfg = Release|x86
		{8216B5FA-5BA4-4C14-9162-1DAFC8BE025A}.Release|x86.Build.0 = Release|x86
		{91076250-94BE-499A-BD85-5BE4B056369A}.Debug|x86.ActiveCfg = Default|Any CPU
		{91076250-94BE-499A-BD85-5BE4B056369A}.Debug|x86.Build.0 = Default|Any CPU
		{91076250-94BE-499A-BD85-5BE4B056369A}.Default|Any CPU.ActiveCfg = Default|Any CPU
		{91076250-94BE-499A-BD85-5BE4B056369A}.Default|Any CPU.Build.0 = Default|Any CPU
		{91076250-94BE-499A-BD85-5BE4B056369A}.Release|x86.ActiveCfg = Default|Any CPU
		{91076250-94BE-499A-BD85-5BE4B056369A}.Release|x86.Build.0 = Default|Any CPU
		{B0825E67-1E01-402C-B031-DFB81BA366C7}.Debug|x86.ActiveCfg = Default|Any CPU
		{B0825E67-1E01-402C-B031-DFB81BA366C7}.Debug|x86.Build.0 = Default|Any CPU
		{B0825E67-1E01-402C-B031-DFB81BA366C7}.Default|Any CPU.ActiveCfg = Default|Any CPU
		{B0825E67-1E01-402C-B031-DFB81BA366C7}.Default|Any CPU.Build.0 = Default|Any CPU
		{B0825E67-1E01-402C-B031-DFB81BA366C7}.Release|x86.ActiveCfg = Default|Any CPU
		{B0825E67-1E01-402C-B031-DFB81BA366C7}.Release|x86.Build.0 = Default|Any CPU
		{EF264E85-94EE-42EA-BB49-2C959CCE566E}.Debug|x86.ActiveCfg = Debug|x86
		{EF264E85-94EE-42EA-BB49-2C959CCE566E}.Debug|x86.Build.0 = Debug|x86
		{EF264E85-94EE-42EA-BB49-2C959CCE566E}.Default|Any CPU.ActiveCfg = Debug|x86
		{EF264E85-94EE-42EA-BB49-2C959CCE566E}.Default|Any CPU.Build.0 = Debug|x86
		{EF264E85-94EE-42EA-BB49-2C959CCE566E}.Release|x86.ActiveCfg = Release|x86
		{EF264E85-94EE-42EA-BB49-2C959CCE566E}.Release|x86.Build.0 = Release|x86
	EndGlobalSection
EndGlobal
